// !$*UTF8*$!
{
	archiveVersion = 1;
	classes = {
	};
	objectVersion = 50;
	objects = {

/* Begin PBXBuildFile section */
		3FBA8F0C20A152CB005C41BD /* AppDelegate.m in Sources */ = {isa = PBXBuildFile; fileRef = 3FBA8F0B20A152CB005C41BD /* AppDelegate.m */; };
		3FBA8F0F20A152CC005C41BD /* ViewController.m in Sources */ = {isa = PBXBuildFile; fileRef = 3FBA8F0E20A152CC005C41BD /* ViewController.m */; };
		3FBA8F1220A152CC005C41BD /* Main.storyboard in Resources */ = {isa = PBXBuildFile; fileRef = 3FBA8F1020A152CC005C41BD /* Main.storyboard */; };
		3FBA8F1420A152CD005C41BD /* Assets.xcassets in Resources */ = {isa = PBXBuildFile; fileRef = 3FBA8F1320A152CD005C41BD /* Assets.xcassets */; };
		3FBA8F1720A152CD005C41BD /* LaunchScreen.storyboard in Resources */ = {isa = PBXBuildFile; fileRef = 3FBA8F1520A152CD005C41BD /* LaunchScreen.storyboard */; };
		3FBA8F1A20A152CD005C41BD /* main.m in Sources */ = {isa = PBXBuildFile; fileRef = 3FBA8F1920A152CD005C41BD /* main.m */; };
/* End PBXBuildFile section */

/* Begin PBXFileReference section */
		3FBA8F0720A152CB005C41BD /* VCDemos.app */ = {isa = PBXFileReference; explicitFileType = wrapper.application; includeInIndex = 0; path = VCDemos.app; sourceTree = BUILT_PRODUCTS_DIR; };
		3FBA8F0A20A152CB005C41BD /* AppDelegate.h */ = {isa = PBXFileReference; lastKnownFileType = sourcecode.c.h; path = AppDelegate.h; sourceTree = "<group>"; };
		3FBA8F0B20A152CB005C41BD /* AppDelegate.m */ = {isa = PBXFileReference; lastKnownFileType = sourcecode.c.objc; path = AppDelegate.m; sourceTree = "<group>"; };
		3FBA8F0D20A152CB005C41BD /* ViewController.h */ = {isa = PBXFileReference; lastKnownFileType = sourcecode.c.h; path = ViewController.h; sourceTree = "<group>"; };
		3FBA8F0E20A152CC005C41BD /* ViewController.m */ = {isa = PBXFileReference; lastKnownFileType = sourcecode.c.objc; path = ViewController.m; sourceTree = "<group>"; };
		3FBA8F1120A152CC005C41BD /* Base */ = {isa = PBXFileReference; lastKnownFileType = file.storyboard; name = Base; path = Base.lproj/Main.storyboard; sourceTree = "<group>"; };
		3FBA8F1320A152CD005C41BD /* Assets.xcassets */ = {isa = PBXFileReference; lastKnownFileType = folder.assetcatalog; path = Assets.xcassets; sourceTree = "<group>"; };
		3FBA8F1620A152CD005C41BD /* Base */ = {isa = PBXFileReference; lastKnownFileType = file.storyboard; name = Base; path = Base.lproj/LaunchScreen.storyboard; sourceTree = "<group>"; };
		3FBA8F1820A152CD005C41BD /* Info.plist */ = {isa = PBXFileReference; lastKnownFileType = text.plist.xml; path = Info.plist; sourceTree = "<group>"; };
		3FBA8F1920A152CD005C41BD /* main.m */ = {isa = PBXFileReference; lastKnownFileType = sourcecode.c.objc; path = main.m; sourceTree = "<group>"; };
/* End PBXFileReference section */

/* Begin PBXFrameworksBuildPhase section */
		3FBA8F0420A152CB005C41BD /* Frameworks */ = {
			isa = PBXFrameworksBuildPhase;
			buildActionMask = 2147483647;
			files = (
			);
			runOnlyForDeploymentPostprocessing = 0;
		};
/* End PBXFrameworksBuildPhase section */

/* Begin PBXGroup section */
		3FBA8EFE20A152CB005C41BD = {
			isa = PBXGroup;
			children = (
				3FBA8F0920A152CB005C41BD /* VCDemos */,
				3FBA8F0820A152CB005C41BD /* Products */,
			);
			sourceTree = "<group>";
		};
		3FBA8F0820A152CB005C41BD /* Products */ = {
			isa = PBXGroup;
			children = (
				3FBA8F0720A152CB005C41BD /* VCDemos.app */,
			);
			name = Products;
			sourceTree = "<group>";
		};
		3FBA8F0920A152CB005C41BD /* VCDemos */ = {
			isa = PBXGroup;
			children = (
				3FBA8F0A20A152CB005C41BD /* AppDelegate.h */,
				3FBA8F0B20A152CB005C41BD /* AppDelegate.m */,
				3FBA8F0D20A152CB005C41BD /* ViewController.h */,
				3FBA8F0E20A152CC005C41BD /* ViewController.m */,
				3FBA8F1020A152CC005C41BD /* Main.storyboard */,
				3FBA8F1320A152CD005C41BD /* Assets.xcassets */,
				3FBA8F1520A152CD005C41BD /* LaunchScreen.storyboard */,
				3FBA8F1820A152CD005C41BD /* Info.plist */,
				3FBA8F1920A152CD005C41BD /* main.m */,
			);
			path = VCDemos;
			sourceTree = "<group>";
		};
/* End PBXGroup section */

/* Begin PBXNativeTarget section */
		3FBA8F0620A152CB005C41BD /* VCDemos */ = {
			isa = PBXNativeTarget;
			buildConfigurationList = 3FBA8F1D20A152CD005C41BD /* Build configuration list for PBXNativeTarget "VCDemos" */;
			buildPhases = (
				3FBA8F0320A152CB005C41BD /* Sources */,
				3FBA8F0420A152CB005C41BD /* Frameworks */,
				3FBA8F0520A152CB005C41BD /* Resources */,
			);
			buildRules = (
			);
			dependencies = (
			);
			name = VCDemos;
			productName = VCDemos;
			productReference = 3FBA8F0720A152CB005C41BD /* VCDemos.app */;
			productType = "com.apple.product-type.application";
		};
/* End PBXNativeTarget section */

/* Begin PBXProject section */
		3FBA8EFF20A152CB005C41BD /* Project object */ = {
			isa = PBXProject;
			attributes = {
				LastUpgradeCheck = 0930;
				ORGANIZATIONNAME = "Kwai Co., Ltd.";
				TargetAttributes = {
					3FBA8F0620A152CB005C41BD = {
						CreatedOnToolsVersion = 9.3;
					};
				};
			};
			buildConfigurationList = 3FBA8F0220A152CB005C41BD /* Build configuration list for PBXProject "VCDemos" */;
			compatibilityVersion = "Xcode 9.3";
			developmentRegion = en;
			hasScannedForEncodings = 0;
			knownRegions = (
				en,
				Base,
			);
			mainGroup = 3FBA8EFE20A152CB005C41BD;
			productRefGroup = 3FBA8F0820A152CB005C41BD /* Products */;
			projectDirPath = "";
			projectRoot = "";
			targets = (
				3FBA8F0620A152CB005C41BD /* VCDemos */,
			);
		};
/* End PBXProject section */

/* Begin PBXResourcesBuildPhase section */
		3FBA8F0520A152CB005C41BD /* Resources */ = {
			isa = PBXResourcesBuildPhase;
			buildActionMask = 2147483647;
			files = (
				3FBA8F1720A152CD005C41BD /* LaunchScreen.storyboard in Resources */,
				3FBA8F1420A152CD005C41BD /* Assets.xcassets in Resources */,
				3FBA8F1220A152CC005C41BD /* Main.storyboard in Resources */,
			);
			runOnlyForDeploymentPostprocessing = 0;
		};
/* End PBXResourcesBuildPhase section */

/* Begin PBXSourcesBuildPhase section */
		3FBA8F0320A152CB005C41BD /* Sources */ = {
			isa = PBXSourcesBuildPhase;
			buildActionMask = 2147483647;
			files = (
				3FBA8F0F20A152CC005C41BD /* ViewController.m in Sources */,
				3FBA8F1A20A152CD005C41BD /* main.m in Sources */,
				3FBA8F0C20A152CB005C41BD /* AppDelegate.m in Sources */,
			);
			runOnlyForDeploymentPostprocessing = 0;
		};
/* End PBXSourcesBuildPhase section */

/* Begin PBXVariantGroup section */
		3FBA8F1020A152CC005C41BD /* Main.storyboard */ = {
			isa = PBXVariantGroup;
			children = (
				3FBA8F1120A152CC005C41BD /* Base */,
			);
			name = Main.storyboard;
			sourceTree = "<group>";
		};
		3FBA8F1520A152CD005C41BD /* LaunchScreen.storyboard */ = {
			isa = PBXVariantGroup;
			children = (
				3FBA8F1620A152CD005C41BD /* Base */,
			);
			name = LaunchScreen.storyboard;
			sourceTree = "<group>";
		};
/* End PBXVariantGroup section */

/* Begin XCBuildConfiguration section */
		3FBA8F1B20A152CD005C41BD /* Debug */ = {
			isa = XCBuildConfiguration;
			buildSettings = {
				ALWAYS_SEARCH_USER_PATHS = NO;
				CLANG_ANALYZER_NONNULL = YES;
				CLANG_ANALYZER_NUMBER_OBJECT_CONVERSION = YES_AGGRESSIVE;
				CLANG_CXX_LANGUAGE_STANDARD = "gnu++14";
				CLANG_CXX_LIBRARY = "libc++";
				CLANG_ENABLE_MODULES = YES;
				CLANG_ENABLE_OBJC_ARC = YES;
				CLANG_ENABLE_OBJC_WEAK = YES;
				CLANG_WARN_BLOCK_CAPTURE_AUTORELEASING = YES;
				CLANG_WARN_BOOL_CONVERSION = YES;
				CLANG_WARN_COMMA = YES;
				CLANG_WARN_CONSTANT_CONVERSION = YES;
				CLANG_WARN_DEPRECATED_OBJC_IMPLEMENTATIONS = YES;
				CLANG_WARN_DIRECT_OBJC_ISA_USAGE = YES_ERROR;
				CLANG_WARN_DOCUMENTATION_COMMENTS = YES;
				CLANG_WARN_EMPTY_BODY = YES;
				CLANG_WARN_ENUM_CONVERSION = YES;
				CLANG_WARN_INFINITE_RECURSION = YES;
				CLANG_WARN_INT_CONVERSION = YES;
				CLANG_WARN_NON_LITERAL_NULL_CONVERSION = YES;
				CLANG_WARN_OBJC_IMPLICIT_RETAIN_SELF = YES;
				CLANG_WARN_OBJC_LITERAL_CONVERSION = YES;
				CLANG_WARN_OBJC_ROOT_CLASS = YES_ERROR;
				CLANG_WARN_RANGE_LOOP_ANALYSIS = YES;
				CLANG_WARN_STRICT_PROTOTYPES = YES;
				CLANG_WARN_SUSPICIOUS_MOVE = YES;
				CLANG_WARN_UNGUARDED_AVAILABILITY = YES_AGGRESSIVE;
				CLANG_WARN_UNREACHABLE_CODE = YES;
				CLANG_WARN__DUPLICATE_METHOD_MATCH = YES;
				CODE_SIGN_IDENTITY = "iPhone Developer";
				COPY_PHASE_STRIP = NO;
				DEBUG_INFORMATION_FORMAT = dwarf;
				ENABLE_STRICT_OBJC_MSGSEND = YES;
				ENABLE_TESTABILITY = YES;
				GCC_C_LANGUAGE_STANDARD = gnu11;
				GCC_DYNAMIC_NO_PIC = NO;
				GCC_NO_COMMON_BLOCKS = YES;
				GCC_OPTIMIZATION_LEVEL = 0;
				GCC_PREPROCESSOR_DEFINITIONS = (
					"DEBUG=1",
					"$(inherited)",
				);
				GCC_WARN_64_TO_32_BIT_CONVERSION = YES;
				GCC_WARN_ABOUT_RETURN_TYPE = YES_ERROR;
				GCC_WARN_UNDECLARED_SELECTOR = YES;
				GCC_WARN_UNINITIALIZED_AUTOS = YES_AGGRESSIVE;
				GCC_WARN_UNUSED_FUNCTION = YES;
				GCC_WARN_UNUSED_VARIABLE = YES;
				IPHONEOS_DEPLOYMENT_TARGET = 11.3;
				MTL_ENABLE_DEBUG_INFO = YES;
				ONLY_ACTIVE_ARCH = YES;
				SDKROOT = iphoneos;
			};
			name = Debug;
		};
		3FBA8F1C20A152CD005C41BD /* Release */ = {
			isa = XCBuildConfiguration;
			buildSettings = {
				ALWAYS_SEARCH_USER_PATHS = NO;
				CLANG_ANALYZER_NONNULL = YES;
				CLANG_ANALYZER_NUMBER_OBJECT_CONVERSION = YES_AGGRESSIVE;
				CLANG_CXX_LANGUAGE_STANDARD = "gnu++14";
				CLANG_CXX_LIBRARY = "libc++";
				CLANG_ENABLE_MODULES = YES;
				CLANG_ENABLE_OBJC_ARC = YES;
				CLANG_ENABLE_OBJC_WEAK = YES;
				CLANG_WARN_BLOCK_CAPTURE_AUTORELEASING = YES;
				CLANG_WARN_BOOL_CONVERSION = YES;
				CLANG_WARN_COMMA = YES;
				CLANG_WARN_CONSTANT_CONVERSION = YES;
				CLANG_WARN_DEPRECATED_OBJC_IMPLEMENTATIONS = YES;
				CLANG_WARN_DIRECT_OBJC_ISA_USAGE = YES_ERROR;
				CLANG_WARN_DOCUMENTATION_COMMENTS = YES;
				CLANG_WARN_EMPTY_BODY = YES;
				CLANG_WARN_ENUM_CONVERSION = YES;
				CLANG_WARN_INFINITE_RECURSION = YES;
				CLANG_WARN_INT_CONVERSION = YES;
				CLANG_WARN_NON_LITERAL_NULL_CONVERSION = YES;
				CLANG_WARN_OBJC_IMPLICIT_RETAIN_SELF = YES;
				CLANG_WARN_OBJC_LITERAL_CONVERSION = YES;
				CLANG_WARN_OBJC_ROOT_CLASS = YES_ERROR;
				CLANG_WARN_RANGE_LOOP_ANALYSIS = YES;
				CLANG_WARN_STRICT_PROTOTYPES = YES;
				CLANG_WARN_SUSPICIOUS_MOVE = YES;
				CLANG_WARN_UNGUARDED_AVAILABILITY = YES_AGGRESSIVE;
				CLANG_WARN_UNREACHABLE_CODE = YES;
				CLANG_WARN__DUPLICATE_METHOD_MATCH = YES;
				CODE_SIGN_IDENTITY = "iPhone Developer";
				COPY_PHASE_STRIP = NO;
				DEBUG_INFORMATION_FORMAT = "dwarf-with-dsym";
				ENABLE_NS_ASSERTIONS = NO;
				ENABLE_STRICT_OBJC_MSGSEND = YES;
				GCC_C_LANGUAGE_STANDARD = gnu11;
				GCC_NO_COMMON_BLOCKS = YES;
				GCC_WARN_64_TO_32_BIT_CONVERSION = YES;
				GCC_WARN_ABOUT_RETURN_TYPE = YES_ERROR;
				GCC_WARN_UNDECLARED_SELECTOR = YES;
				GCC_WARN_UNINITIALIZED_AUTOS = YES_AGGRESSIVE;
				GCC_WARN_UNUSED_FUNCTION = YES;
				GCC_WARN_UNUSED_VARIABLE = YES;
				IPHONEOS_DEPLOYMENT_TARGET = 11.3;
				MTL_ENABLE_DEBUG_INFO = NO;
				SDKROOT = iphoneos;
				VALIDATE_PRODUCT = YES;
			};
			name = Release;
		};
		3FBA8F1E20A152CD005C41BD /* Debug */ = {
			isa = XCBuildConfiguration;
			buildSettings = {
				ASSETCATALOG_COMPILER_APPICON_NAME = AppIcon;
				CODE_SIGN_STYLE = Automatic;
				INFOPLIST_FILE = VCDemos/Info.plist;
				LD_RUNPATH_SEARCH_PATHS = (
					"$(inherited)",
					"@executable_path/Frameworks",
				);
				PRODUCT_BUNDLE_IDENTIFIER = com.kuaishou.VCDemos;
				PRODUCT_NAME = "$(TARGET_NAME)";
				TARGETED_DEVICE_FAMILY = "1,2";
			};
			name = Debug;
		};
		3FBA8F1F20A152CD005C41BD /* Release */ = {
			isa = XCBuildConfiguration;
			buildSettings = {
				ASSETCATALOG_COMPILER_APPICON_NAME = AppIcon;
				CODE_SIGN_STYLE = Automatic;
				INFOPLIST_FILE = VCDemos/Info.plist;
				LD_RUNPATH_SEARCH_PATHS = (
					"$(inherited)",
					"@executable_path/Frameworks",
				);
				PRODUCT_BUNDLE_IDENTIFIER = com.kuaishou.VCDemos;
				PRODUCT_NAME = "$(TARGET_NAME)";
				TARGETED_DEVICE_FAMILY = "1,2";
			};
			name = Release;
		};
/* End XCBuildConfiguration section */

/* Begin XCConfigurationList section */
		3FBA8F0220A152CB005C41BD /* Build configuration list for PBXProject "VCDemos" */ = {
			isa = XCConfigurationList;
			buildConfigurations = (
				3FBA8F1B20A152CD005C41BD /* Debug */,
				3FBA8F1C20A152CD005C41BD /* Release */,
			);
			defaultConfigurationIsVisible = 0;
			defaultConfigurationName = Release;
		};
		3FBA8F1D20A152CD005C41BD /* Build configuration list for PBXNativeTarget "VCDemos" */ = {
			isa = XCConfigurationList;
			buildConfigurations = (
				3FBA8F1E20A152CD005C41BD /* Debug */,
				3FBA8F1F20A152CD005C41BD /* Release */,
			);
			defaultConfigurationIsVisible = 0;
			defaultConfigurationName = Release;
		};
/* End XCConfigurationList section */
	};
	rootObject = 3FBA8EFF20A152CB005C41BD /* Project object */;
}
